
Microsoft Visual Studio Solution File, Format Version 12.00
Project("{FAE04EC0-301F-11D3-BF4B-00C04F79EFBC}") = "SlowSlothBudget.Web", "SlowSlothBudget.Web.csproj", "{838E8604-D452-4CB3-8312-CDDB4D923934}"
EndProject
Global
	GlobalSection(SolutionConfigurationPlatforms) = preSolution
		Debug|Any CPU = Debug|Any CPU
		Release|Any CPU = Release|Any CPU
	EndGlobalSection
	GlobalSection(ProjectConfigurationPlatforms) = postSolution
		{838E8604-D452-4CB3-8312-CDDB4D923934}.Debug|Any CPU.ActiveCfg = Debug|Any CPU
		{838E8604-D452-4CB3-8312-CDDB4D923934}.Debug|Any CPU.Build.0 = Debug|Any CPU
		{838E8604-D452-4CB3-8312-CDDB4D923934}.Release|Any CPU.ActiveCfg = Release|Any CPU
		{838E8604-D452-4CB3-8312-CDDB4D923934}.Release|Any CPU.Build.0 = Release|Any CPU
	EndGlobalSection
EndGlobal
